
Microsoft Visual Studio Solution File, Format Version 12.00
# Visual Studio Version 17
VisualStudioVersion = 17.14.36414.22 d17.14
MinimumVisualStudioVersion = 10.0.40219.1
Project("{FAE04EC0-301F-11D3-BF4B-00C04F79EFBC}") = "PD.UI", "PD.UI\PD.UI.csproj", "{43B73B44-0079-4D00-93A1-6EDDC4E37A33}"
EndProject
Project("{FAE04EC0-301F-11D3-BF4B-00C04F79EFBC}") = "PD.DAL", "PD.DAL\PD.DAL.csproj", "{EBF338EF-D363-4117-80A3-24185AA68226}"
EndProject
Project("{FAE04EC0-301F-11D3-BF4B-00C04F79EFBC}") = "PD.BL", "PD.BL\PD.BL.csproj", "{CD86A5AD-1FCD-4219-BF28-3EC9DC0E7C8C}"
EndProject
Global
	GlobalSection(SolutionConfigurationPlatforms) = preSolution
		Debug|Any CPU = Debug|Any CPU
		Release|Any CPU = Release|Any CPU
	EndGlobalSection
	GlobalSection(ProjectConfigurationPlatforms) = postSolution
		{43B73B44-0079-4D00-93A1-6EDDC4E37A33}.Debug|Any CPU.ActiveCfg = Debug|Any CPU
		{43B73B44-0079-4D00-93A1-6EDDC4E37A33}.Debug|Any CPU.Build.0 = Debug|Any CPU
		{43B73B44-0079-4D00-93A1-6EDDC4E37A33}.Release|Any CPU.ActiveCfg = Release|Any CPU
		{43B73B44-0079-4D00-93A1-6EDDC4E37A33}.Release|Any CPU.Build.0 = Release|Any CPU
		{EBF338EF-D363-4117-80A3-24185AA68226}.Debug|Any CPU.ActiveCfg = Debug|Any CPU
		{EBF338EF-D363-4117-80A3-24185AA68226}.Debug|Any CPU.Build.0 = Debug|Any CPU
		{EBF338EF-D363-4117-80A3-24185AA68226}.Release|Any CPU.ActiveCfg = Release|Any CPU
		{EBF338EF-D363-4117-80A3-24185AA68226}.Release|Any CPU.Build.0 = Release|Any CPU
		{CD86A5AD-1FCD-4219-BF28-3EC9DC0E7C8C}.Debug|Any CPU.ActiveCfg = Debug|Any CPU
		{CD86A5AD-1FCD-4219-BF28-3EC9DC0E7C8C}.Debug|Any CPU.Build.0 = Debug|Any CPU
		{CD86A5AD-1FCD-4219-BF28-3EC9DC0E7C8C}.Release|Any CPU.ActiveCfg = Release|Any CPU
		{CD86A5AD-1FCD-4219-BF28-3EC9DC0E7C8C}.Release|Any CPU.Build.0 = Release|Any CPU
	EndGlobalSection
	GlobalSection(SolutionProperties) = preSolution
		HideSolutionNode = FALSE
	EndGlobalSection
	GlobalSection(ExtensibilityGlobals) = postSolution
		SolutionGuid = {6B52E337-A771-4DFD-B1DE-3114FDB31240}
	EndGlobalSection
EndGlobal
